
Microsoft Visual Studio Solution File, Format Version 12.00
# Visual Studio Version 16
VisualStudioVersion = 16.0.32106.194
MinimumVisualStudioVersion = 10.0.40219.1
Project("{FAE04EC0-301F-11D3-BF4B-00C04F79EFBC}") = "SmartSleep", "SmartSleep.csproj", "{B78C1DC3-ED0A-422A-852C-66F703680BD0}"
EndProject
Global
	GlobalSection(SolutionConfigurationPlatforms) = preSolution
		Debug|Any CPU = Debug|Any CPU
		Release|Any CPU = Release|Any CPU
	EndGlobalSection
	GlobalSection(ProjectConfigurationPlatforms) = postSolution
		{B78C1DC3-ED0A-422A-852C-66F703680BD0}.Debug|Any CPU.ActiveCfg = Debug|Any CPU
		{B78C1DC3-ED0A-422A-852C-66F703680BD0}.Debug|Any CPU.Build.0 = Debug|Any CPU
		{B78C1DC3-ED0A-422A-852C-66F703680BD0}.Release|Any CPU.ActiveCfg = Release|Any CPU
		{B78C1DC3-ED0A-422A-852C-66F703680BD0}.Release|Any CPU.Build.0 = Release|Any CPU
	EndGlobalSection
	GlobalSection(SolutionProperties) = preSolution
		HideSolutionNode = FALSE
	EndGlobalSection
	GlobalSection(ExtensibilityGlobals) = postSolution
		SolutionGuid = {780BB1F9-73DA-406B-9C5A-DEF0F6B12696}
	EndGlobalSection
EndGlobal
